
Microsoft Visual Studio Solution File, Format Version 12.00
# Visual Studio Version 17
VisualStudioVersion = 17.2.32616.157
MinimumVisualStudioVersion = 10.0.40219.1
Project("{FAE04EC0-301F-11D3-BF4B-00C04F79EFBC}") = "diagonal_negativos", "diagonal_negativos\diagonal_negativos.csproj", "{578816C9-2F87-4A53-8D3D-9AF8471BE8B7}"
EndProject
Global
	GlobalSection(SolutionConfigurationPlatforms) = preSolution
		Debug|Any CPU = Debug|Any CPU
		Release|Any CPU = Release|Any CPU
	EndGlobalSection
	GlobalSection(ProjectConfigurationPlatforms) = postSolution
		{578816C9-2F87-4A53-8D3D-9AF8471BE8B7}.Debug|Any CPU.ActiveCfg = Debug|Any CPU
		{578816C9-2F87-4A53-8D3D-9AF8471BE8B7}.Debug|Any CPU.Build.0 = Debug|Any CPU
		{578816C9-2F87-4A53-8D3D-9AF8471BE8B7}.Release|Any CPU.ActiveCfg = Release|Any CPU
		{578816C9-2F87-4A53-8D3D-9AF8471BE8B7}.Release|Any CPU.Build.0 = Release|Any CPU
	EndGlobalSection
	GlobalSection(SolutionProperties) = preSolution
		HideSolutionNode = FALSE
	EndGlobalSection
	GlobalSection(ExtensibilityGlobals) = postSolution
		SolutionGuid = {D7DA2AF6-187C-4F56-B539-A3567C3AC7EE}
	EndGlobalSection
EndGlobal
