
Microsoft Visual Studio Solution File, Format Version 12.00
# Visual Studio Version 17
VisualStudioVersion = 17.2.32616.157
MinimumVisualStudioVersion = 10.0.40219.1
Project("{FAE04EC0-301F-11D3-BF4B-00C04F79EFBC}") = "Primeiro", "Primeiro\Primeiro.csproj", "{1941D907-34A8-4433-968C-807E1E4248EC}"
EndProject
Global
	GlobalSection(SolutionConfigurationPlatforms) = preSolution
		Debug|Any CPU = Debug|Any CPU
		Release|Any CPU = Release|Any CPU
	EndGlobalSection
	GlobalSection(ProjectConfigurationPlatforms) = postSolution
		{1941D907-34A8-4433-968C-807E1E4248EC}.Debug|Any CPU.ActiveCfg = Debug|Any CPU
		{1941D907-34A8-4433-968C-807E1E4248EC}.Debug|Any CPU.Build.0 = Debug|Any CPU
		{1941D907-34A8-4433-968C-807E1E4248EC}.Release|Any CPU.ActiveCfg = Release|Any CPU
		{1941D907-34A8-4433-968C-807E1E4248EC}.Release|Any CPU.Build.0 = Release|Any CPU
	EndGlobalSection
	GlobalSection(SolutionProperties) = preSolution
		HideSolutionNode = FALSE
	EndGlobalSection
	GlobalSection(ExtensibilityGlobals) = postSolution
		SolutionGuid = {36B27BF6-055B-4441-9A3C-09684DE89F1B}
	EndGlobalSection
EndGlobal
