
Microsoft Visual Studio Solution File, Format Version 12.00
# Visual Studio Version 17
VisualStudioVersion = 17.2.32616.157
MinimumVisualStudioVersion = 10.0.40219.1
Project("{FAE04EC0-301F-11D3-BF4B-00C04F79EFBC}") = "cresente", "cresente\cresente.csproj", "{16F8877F-89D5-4EFF-9331-70AC40AE2BC1}"
EndProject
Global
	GlobalSection(SolutionConfigurationPlatforms) = preSolution
		Debug|Any CPU = Debug|Any CPU
		Release|Any CPU = Release|Any CPU
	EndGlobalSection
	GlobalSection(ProjectConfigurationPlatforms) = postSolution
		{16F8877F-89D5-4EFF-9331-70AC40AE2BC1}.Debug|Any CPU.ActiveCfg = Debug|Any CPU
		{16F8877F-89D5-4EFF-9331-70AC40AE2BC1}.Debug|Any CPU.Build.0 = Debug|Any CPU
		{16F8877F-89D5-4EFF-9331-70AC40AE2BC1}.Release|Any CPU.ActiveCfg = Release|Any CPU
		{16F8877F-89D5-4EFF-9331-70AC40AE2BC1}.Release|Any CPU.Build.0 = Release|Any CPU
	EndGlobalSection
	GlobalSection(SolutionProperties) = preSolution
		HideSolutionNode = FALSE
	EndGlobalSection
	GlobalSection(ExtensibilityGlobals) = postSolution
		SolutionGuid = {FAF33761-1B81-491D-9969-0D60661EAC33}
	EndGlobalSection
EndGlobal
